Microsoft Visual Studio Solution File, Format Version 12.00
# Visual Studio Version 17
VisualStudioVersion = 17.5.2.0
MinimumVisualStudioVersion = 10.0.40219.1
Project("{FAE04EC0-301F-11D3-BF4B-00C04F79EFBC}") = "AudioProjectMER", "AudioProjectMER\AudioProjectMER.csproj", "{754158E9-6591-46C4-99B8-EB21E327E547}"
EndProject
Project("{FAE04EC0-301F-11D3-BF4B-00C04F79EFBC}") = "ProjectMER", "ProjectMER\ProjectMER.csproj", "{1D639F1D-09F4-43A5-BBFF-950A3BD2F111}"
EndProject
Global
	GlobalSection(SolutionConfigurationPlatforms) = preSolution
		Exiled|x64 = Exiled|x64
		Release|x64 = Release|x64
		Debug|x64 = Debug|x64
	EndGlobalSection
	GlobalSection(ProjectConfigurationPlatforms) = postSolution
		{754158E9-6591-46C4-99B8-EB21E327E547}.Exiled|x64.ActiveCfg = Release|Any CPU
		{754158E9-6591-46C4-99B8-EB21E327E547}.Exiled|x64.Build.0 = Release|Any CPU
		{754158E9-6591-46C4-99B8-EB21E327E547}.Release|x64.ActiveCfg = Release|Any CPU
		{754158E9-6591-46C4-99B8-EB21E327E547}.Release|x64.Build.0 = Release|Any CPU
		{754158E9-6591-46C4-99B8-EB21E327E547}.Debug|x64.ActiveCfg = Debug|Any CPU
		{754158E9-6591-46C4-99B8-EB21E327E547}.Debug|x64.Build.0 = Debug|Any CPU
		{1D639F1D-09F4-43A5-BBFF-950A3BD2F111}.Exiled|x64.ActiveCfg = Exiled|x64
		{1D639F1D-09F4-43A5-BBFF-950A3BD2F111}.Exiled|x64.Build.0 = Exiled|x64
		{1D639F1D-09F4-43A5-BBFF-950A3BD2F111}.Release|x64.ActiveCfg = Release|x64
		{1D639F1D-09F4-43A5-BBFF-950A3BD2F111}.Release|x64.Build.0 = Release|x64
		{1D639F1D-09F4-43A5-BBFF-950A3BD2F111}.Debug|x64.ActiveCfg = Debug|x64
		{1D639F1D-09F4-43A5-BBFF-950A3BD2F111}.Debug|x64.Build.0 = Debug|x64
	EndGlobalSection
	GlobalSection(SolutionProperties) = preSolution
		HideSolutionNode = FALSE
	EndGlobalSection
	GlobalSection(ExtensibilityGlobals) = postSolution
		SolutionGuid = {8A5B7F7A-7C2A-4CF1-ACCA-9BFEB9D636F2}
	EndGlobalSection
EndGlobal
